
Microsoft Visual Studio Solution File, Format Version 12.00
# Visual Studio Version 16
VisualStudioVersion = 16.0.30114.105
MinimumVisualStudioVersion = 10.0.40219.1
Project("{2150E333-8FDC-42A3-9474-1A3956D46DE8}") = "src", "src", "{0D25556B-5074-4D0E-A231-FE95D8D4DB72}"
EndProject
Project("{FAE04EC0-301F-11D3-BF4B-00C04F79EFBC}") = "Av2Poo.Api", "src\Api\Av2Poo.Api.csproj", "{FFFE8EB2-46CF-4870-BC81-1980CC43976E}"
EndProject
Global
	GlobalSection(SolutionConfigurationPlatforms) = preSolution
		Debug|Any CPU = Debug|Any CPU
		Debug|x64 = Debug|x64
		Debug|x86 = Debug|x86
		Release|Any CPU = Release|Any CPU
		Release|x64 = Release|x64
		Release|x86 = Release|x86
	EndGlobalSection
	GlobalSection(SolutionProperties) = preSolution
		HideSolutionNode = FALSE
	EndGlobalSection
	GlobalSection(ProjectConfigurationPlatforms) = postSolution
		{FFFE8EB2-46CF-4870-BC81-1980CC43976E}.Debug|Any CPU.ActiveCfg = Debug|Any CPU
		{FFFE8EB2-46CF-4870-BC81-1980CC43976E}.Debug|Any CPU.Build.0 = Debug|Any CPU
		{FFFE8EB2-46CF-4870-BC81-1980CC43976E}.Debug|x64.ActiveCfg = Debug|Any CPU
		{FFFE8EB2-46CF-4870-BC81-1980CC43976E}.Debug|x64.Build.0 = Debug|Any CPU
		{FFFE8EB2-46CF-4870-BC81-1980CC43976E}.Debug|x86.ActiveCfg = Debug|Any CPU
		{FFFE8EB2-46CF-4870-BC81-1980CC43976E}.Debug|x86.Build.0 = Debug|Any CPU
		{FFFE8EB2-46CF-4870-BC81-1980CC43976E}.Release|Any CPU.ActiveCfg = Release|Any CPU
		{FFFE8EB2-46CF-4870-BC81-1980CC43976E}.Release|Any CPU.Build.0 = Release|Any CPU
		{FFFE8EB2-46CF-4870-BC81-1980CC43976E}.Release|x64.ActiveCfg = Release|Any CPU
		{FFFE8EB2-46CF-4870-BC81-1980CC43976E}.Release|x64.Build.0 = Release|Any CPU
		{FFFE8EB2-46CF-4870-BC81-1980CC43976E}.Release|x86.ActiveCfg = Release|Any CPU
		{FFFE8EB2-46CF-4870-BC81-1980CC43976E}.Release|x86.Build.0 = Release|Any CPU
	EndGlobalSection
	GlobalSection(NestedProjects) = preSolution
		{FFFE8EB2-46CF-4870-BC81-1980CC43976E} = {0D25556B-5074-4D0E-A231-FE95D8D4DB72}
	EndGlobalSection
EndGlobal
